
Microsoft Visual Studio Solution File, Format Version 12.00
# Visual Studio 15
Project("{FAE04EC0-301F-11D3-BF4B-00C04F79EFBC}") = "Assembly-CSharp", "Assembly-CSharp.csproj", "{D994AEA6-52DC-61B4-C899-36325512AD13}"
EndProject
Project("{FAE04EC0-301F-11D3-BF4B-00C04F79EFBC}") = "Assembly-CSharp-Editor", "Assembly-CSharp-Editor.csproj", "{9F4F1911-0410-624C-B5A0-7D506E245FB2}"
EndProject
Global
	GlobalSection(SolutionConfigurationPlatforms) = preSolution
		Debug|Any CPU = Debug|Any CPU
		Release|Any CPU = Release|Any CPU
	EndGlobalSection
	GlobalSection(ProjectConfigurationPlatforms) = postSolution
		{D994AEA6-52DC-61B4-C899-36325512AD13}.Debug|Any CPU.ActiveCfg = Debug|Any CPU
		{D994AEA6-52DC-61B4-C899-36325512AD13}.Debug|Any CPU.Build.0 = Debug|Any CPU
		{D994AEA6-52DC-61B4-C899-36325512AD13}.Release|Any CPU.ActiveCfg = Release|Any CPU
		{D994AEA6-52DC-61B4-C899-36325512AD13}.Release|Any CPU.Build.0 = Release|Any CPU
		{9F4F1911-0410-624C-B5A0-7D506E245FB2}.Debug|Any CPU.ActiveCfg = Debug|Any CPU
		{9F4F1911-0410-624C-B5A0-7D506E245FB2}.Debug|Any CPU.Build.0 = Debug|Any CPU
		{9F4F1911-0410-624C-B5A0-7D506E245FB2}.Release|Any CPU.ActiveCfg = Release|Any CPU
		{9F4F1911-0410-624C-B5A0-7D506E245FB2}.Release|Any CPU.Build.0 = Release|Any CPU
	EndGlobalSection
	GlobalSection(SolutionProperties) = preSolution
		HideSolutionNode = FALSE
	EndGlobalSection
EndGlobal
